
Microsoft Visual Studio Solution File, Format Version 12.00
# Visual Studio 15
VisualStudioVersion = 15.0.28010.2050
MinimumVisualStudioVersion = 10.0.40219.1
Project("{FAE04EC0-301F-11D3-BF4B-00C04F79EFBC}") = "HybridRogue.Desktop", "HybridRogue.Desktop\HybridRogue.Desktop.csproj", "{E3B25F0C-FD5D-4E74-873E-9A1AE7ADE3BD}"
EndProject
Project("{F2A71F9B-5D33-465A-A702-920D77279786}") = "HybridRogue.Game", "HybridRogue.Game\HybridRogue.Game.fsproj", "{2225419A-3FF2-409A-AB9F-FBFEB12BB696}"
EndProject
Project("{F2A71F9B-5D33-465A-A702-920D77279786}") = "FontGenerator", "FontGenerator\FontGenerator.fsproj", "{3921EE14-2FDB-43B8-B5AB-63C9A1D66CD4}"
EndProject
Global
	GlobalSection(SolutionConfigurationPlatforms) = preSolution
		Debug|Any CPU = Debug|Any CPU
		Release|Any CPU = Release|Any CPU
	EndGlobalSection
	GlobalSection(ProjectConfigurationPlatforms) = postSolution
		{E3B25F0C-FD5D-4E74-873E-9A1AE7ADE3BD}.Debug|Any CPU.ActiveCfg = Debug|Any CPU
		{E3B25F0C-FD5D-4E74-873E-9A1AE7ADE3BD}.Debug|Any CPU.Build.0 = Debug|Any CPU
		{E3B25F0C-FD5D-4E74-873E-9A1AE7ADE3BD}.Release|Any CPU.ActiveCfg = Release|Any CPU
		{E3B25F0C-FD5D-4E74-873E-9A1AE7ADE3BD}.Release|Any CPU.Build.0 = Release|Any CPU
		{2225419A-3FF2-409A-AB9F-FBFEB12BB696}.Debug|Any CPU.ActiveCfg = Debug|Any CPU
		{2225419A-3FF2-409A-AB9F-FBFEB12BB696}.Debug|Any CPU.Build.0 = Debug|Any CPU
		{2225419A-3FF2-409A-AB9F-FBFEB12BB696}.Release|Any CPU.ActiveCfg = Release|Any CPU
		{2225419A-3FF2-409A-AB9F-FBFEB12BB696}.Release|Any CPU.Build.0 = Release|Any CPU
		{3921EE14-2FDB-43B8-B5AB-63C9A1D66CD4}.Debug|Any CPU.ActiveCfg = Debug|Any CPU
		{3921EE14-2FDB-43B8-B5AB-63C9A1D66CD4}.Debug|Any CPU.Build.0 = Debug|Any CPU
		{3921EE14-2FDB-43B8-B5AB-63C9A1D66CD4}.Release|Any CPU.ActiveCfg = Release|Any CPU
		{3921EE14-2FDB-43B8-B5AB-63C9A1D66CD4}.Release|Any CPU.Build.0 = Release|Any CPU
	EndGlobalSection
	GlobalSection(SolutionProperties) = preSolution
		HideSolutionNode = FALSE
	EndGlobalSection
	GlobalSection(ExtensibilityGlobals) = postSolution
		SolutionGuid = {8493991C-29D3-40A0-AADC-A1E0AFE2FFFA}
	EndGlobalSection
EndGlobal
